
Microsoft Visual Studio Solution File, Format Version 12.00
# Visual Studio Version 17
VisualStudioVersion = 17.2.32616.157
MinimumVisualStudioVersion = 10.0.40219.1
Project("{FAE04EC0-301F-11D3-BF4B-00C04F79EFBC}") = "FormArquivo", "FormArquivo\FormArquivo.csproj", "{0F9A8EE9-EA55-427D-BC9B-A02DEFA5531B}"
EndProject
Global
	GlobalSection(SolutionConfigurationPlatforms) = preSolution
		Debug|Any CPU = Debug|Any CPU
		Release|Any CPU = Release|Any CPU
	EndGlobalSection
	GlobalSection(ProjectConfigurationPlatforms) = postSolution
		{0F9A8EE9-EA55-427D-BC9B-A02DEFA5531B}.Debug|Any CPU.ActiveCfg = Debug|Any CPU
		{0F9A8EE9-EA55-427D-BC9B-A02DEFA5531B}.Debug|Any CPU.Build.0 = Debug|Any CPU
		{0F9A8EE9-EA55-427D-BC9B-A02DEFA5531B}.Release|Any CPU.ActiveCfg = Release|Any CPU
		{0F9A8EE9-EA55-427D-BC9B-A02DEFA5531B}.Release|Any CPU.Build.0 = Release|Any CPU
	EndGlobalSection
	GlobalSection(SolutionProperties) = preSolution
		HideSolutionNode = FALSE
	EndGlobalSection
	GlobalSection(ExtensibilityGlobals) = postSolution
		SolutionGuid = {12DC32A9-11A7-4D6E-AB62-0A7310F14206}
	EndGlobalSection
EndGlobal
